// !$*UTF8*$!
{
	archiveVersion = 1;
	classes = {
	};
	objectVersion = 56;
	objects = {

/* Begin PBXBuildFile section */
		18BDCBBA2CE4ABB10070A11C /* HttpModel.swift in Sources */ = {isa = PBXBuildFile; fileRef = 18BDCBB92CE4ABB10070A11C /* HttpModel.swift */; };
		18BDCBBC2CE4AC3F0070A11C /* PinturasViewModel.swift in Sources */ = {isa = PBXBuildFile; fileRef = 18BDCBBB2CE4AC3F0070A11C /* PinturasViewModel.swift */; };
		18BDCBBF2CE4AFAC0070A11C /* WorkCard.swift in Sources */ = {isa = PBXBuildFile; fileRef = 18BDCBBE2CE4AFAC0070A11C /* WorkCard.swift */; };
		18BDCBC12CE4B92B0070A11C /* WorkDetailView.swift in Sources */ = {isa = PBXBuildFile; fileRef = 18BDCBC02CE4B92B0070A11C /* WorkDetailView.swift */; };
		18BFF2242CEF124D0039719D /* OldStandardTT-Italic.ttf in Resources */ = {isa = PBXBuildFile; fileRef = 18BFF2212CEF0D770039719D /* OldStandardTT-Italic.ttf */; };
		18BFF2252CEF12550039719D /* OldStandardTT-Regular.ttf in Resources */ = {isa = PBXBuildFile; fileRef = 18BFF2222CEF0D7A0039719D /* OldStandardTT-Regular.ttf */; };
		18BFF2282CEF13BD0039719D /* OldStandardTT-Bold.ttf in Resources */ = {isa = PBXBuildFile; fileRef = 18BFF2272CEF13BD0039719D /* OldStandardTT-Bold.ttf */; };
		18D3AED22CE40AFB00B9A4C7 /* virtual_art_unsaApp.swift in Sources */ = {isa = PBXBuildFile; fileRef = 18D3AED12CE40AFB00B9A4C7 /* virtual_art_unsaApp.swift */; };
		18D3AED42CE40AFB00B9A4C7 /* ContentView.swift in Sources */ = {isa = PBXBuildFile; fileRef = 18D3AED32CE40AFB00B9A4C7 /* ContentView.swift */; };
		18D3AED62CE40AFC00B9A4C7 /* Assets.xcassets in Resources */ = {isa = PBXBuildFile; fileRef = 18D3AED52CE40AFC00B9A4C7 /* Assets.xcassets */; };
		18D3AED92CE40AFC00B9A4C7 /* Preview Assets.xcassets in Resources */ = {isa = PBXBuildFile; fileRef = 18D3AED82CE40AFC00B9A4C7 /* Preview Assets.xcassets */; };
		18FB88E22CE47E0700632A18 /* SplashView.swift in Sources */ = {isa = PBXBuildFile; fileRef = 18FB88E12CE47E0700632A18 /* SplashView.swift */; };
		18FB88E52CE47FD600632A18 /* LoginView.swift in Sources */ = {isa = PBXBuildFile; fileRef = 18FB88E42CE47FD600632A18 /* LoginView.swift */; };
		18FB88EB2CE4816F00632A18 /* APIService.swift in Sources */ = {isa = PBXBuildFile; fileRef = 18FB88EA2CE4816F00632A18 /* APIService.swift */; };
		18FB88ED2CE4825F00632A18 /* AppModel.swift in Sources */ = {isa = PBXBuildFile; fileRef = 18FB88EC2CE4825F00632A18 /* AppModel.swift */; };
		18FB88EF2CE4827500632A18 /* UserModel.swift in Sources */ = {isa = PBXBuildFile; fileRef = 18FB88EE2CE4827500632A18 /* UserModel.swift */; };
		18FB88F12CE4856000632A18 /* LoginViewModel.swift in Sources */ = {isa = PBXBuildFile; fileRef = 18FB88F02CE4856000632A18 /* LoginViewModel.swift */; };
		18FB88F32CE49AB900632A18 /* RegisterView.swift in Sources */ = {isa = PBXBuildFile; fileRef = 18FB88F22CE49AB900632A18 /* RegisterView.swift */; };
		18FB88F52CE49E1200632A18 /* HomeView.swift in Sources */ = {isa = PBXBuildFile; fileRef = 18FB88F42CE49E1200632A18 /* HomeView.swift */; };
		18FB88F72CE49E4000632A18 /* PinturasView.swift in Sources */ = {isa = PBXBuildFile; fileRef = 18FB88F62CE49E4000632A18 /* PinturasView.swift */; };
		18FB88F92CE49E6000632A18 /* MapView.swift in Sources */ = {isa = PBXBuildFile; fileRef = 18FB88F82CE49E6000632A18 /* MapView.swift */; };
		18FB88FC2CE4A25900632A18 /* ExposicionesView.swift in Sources */ = {isa = PBXBuildFile; fileRef = 18FB88FB2CE4A25900632A18 /* ExposicionesView.swift */; };
		18FB88FE2CE4A28800632A18 /* UserView.swift in Sources */ = {isa = PBXBuildFile; fileRef = 18FB88FD2CE4A28800632A18 /* UserView.swift */; };
/* End PBXBuildFile section */

/* Begin PBXFileReference section */
		18BDCBB92CE4ABB10070A11C /* HttpModel.swift */ = {isa = PBXFileReference; lastKnownFileType = sourcecode.swift; path = HttpModel.swift; sourceTree = "<group>"; };
		18BDCBBB2CE4AC3F0070A11C /* PinturasViewModel.swift */ = {isa = PBXFileReference; lastKnownFileType = sourcecode.swift; path = PinturasViewModel.swift; sourceTree = "<group>"; };
		18BDCBBE2CE4AFAC0070A11C /* WorkCard.swift */ = {isa = PBXFileReference; lastKnownFileType = sourcecode.swift; path = WorkCard.swift; sourceTree = "<group>"; };
		18BDCBC02CE4B92B0070A11C /* WorkDetailView.swift */ = {isa = PBXFileReference; lastKnownFileType = sourcecode.swift; path = WorkDetailView.swift; sourceTree = "<group>"; };
		18BFF2212CEF0D770039719D /* OldStandardTT-Italic.ttf */ = {isa = PBXFileReference; lastKnownFileType = file; path = "OldStandardTT-Italic.ttf"; sourceTree = "<group>"; };
		18BFF2222CEF0D7A0039719D /* OldStandardTT-Regular.ttf */ = {isa = PBXFileReference; lastKnownFileType = file; path = "OldStandardTT-Regular.ttf"; sourceTree = "<group>"; };
		18BFF2232CEF0E190039719D /* Info.plist */ = {isa = PBXFileReference; lastKnownFileType = text.plist; path = Info.plist; sourceTree = "<group>"; };
		18BFF2272CEF13BD0039719D /* OldStandardTT-Bold.ttf */ = {isa = PBXFileReference; lastKnownFileType = file; path = "OldStandardTT-Bold.ttf"; sourceTree = "<group>"; };
		18D3AECE2CE40AFB00B9A4C7 /* virtual-art-unsa.app */ = {isa = PBXFileReference; explicitFileType = wrapper.application; includeInIndex = 0; path = "virtual-art-unsa.app"; sourceTree = BUILT_PRODUCTS_DIR; };
		18D3AED12CE40AFB00B9A4C7 /* virtual_art_unsaApp.swift */ = {isa = PBXFileReference; lastKnownFileType = sourcecode.swift; path = virtual_art_unsaApp.swift; sourceTree = "<group>"; };
		18D3AED32CE40AFB00B9A4C7 /* ContentView.swift */ = {isa = PBXFileReference; lastKnownFileType = sourcecode.swift; path = ContentView.swift; sourceTree = "<group>"; };
		18D3AED52CE40AFC00B9A4C7 /* Assets.xcassets */ = {isa = PBXFileReference; lastKnownFileType = folder.assetcatalog; path = Assets.xcassets; sourceTree = "<group>"; };
		18D3AED82CE40AFC00B9A4C7 /* Preview Assets.xcassets */ = {isa = PBXFileReference; lastKnownFileType = folder.assetcatalog; path = "Preview Assets.xcassets"; sourceTree = "<group>"; };
		18FB88E12CE47E0700632A18 /* SplashView.swift */ = {isa = PBXFileReference; lastKnownFileType = sourcecode.swift; path = SplashView.swift; sourceTree = "<group>"; };
		18FB88E42CE47FD600632A18 /* LoginView.swift */ = {isa = PBXFileReference; lastKnownFileType = sourcecode.swift; path = LoginView.swift; sourceTree = "<group>"; };
		18FB88EA2CE4816F00632A18 /* APIService.swift */ = {isa = PBXFileReference; lastKnownFileType = sourcecode.swift; path = APIService.swift; sourceTree = "<group>"; };
		18FB88EC2CE4825F00632A18 /* AppModel.swift */ = {isa = PBXFileReference; lastKnownFileType = sourcecode.swift; path = AppModel.swift; sourceTree = "<group>"; };
		18FB88EE2CE4827500632A18 /* UserModel.swift */ = {isa = PBXFileReference; lastKnownFileType = sourcecode.swift; path = UserModel.swift; sourceTree = "<group>"; };
		18FB88F02CE4856000632A18 /* LoginViewModel.swift */ = {isa = PBXFileReference; lastKnownFileType = sourcecode.swift; path = LoginViewModel.swift; sourceTree = "<group>"; };
		18FB88F22CE49AB900632A18 /* RegisterView.swift */ = {isa = PBXFileReference; lastKnownFileType = sourcecode.swift; path = RegisterView.swift; sourceTree = "<group>"; };
		18FB88F42CE49E1200632A18 /* HomeView.swift */ = {isa = PBXFileReference; lastKnownFileType = sourcecode.swift; path = HomeView.swift; sourceTree = "<group>"; };
		18FB88F62CE49E4000632A18 /* PinturasView.swift */ = {isa = PBXFileReference; lastKnownFileType = sourcecode.swift; path = PinturasView.swift; sourceTree = "<group>"; };
		18FB88F82CE49E6000632A18 /* MapView.swift */ = {isa = PBXFileReference; lastKnownFileType = sourcecode.swift; path = MapView.swift; sourceTree = "<group>"; };
		18FB88FB2CE4A25900632A18 /* ExposicionesView.swift */ = {isa = PBXFileReference; lastKnownFileType = sourcecode.swift; path = ExposicionesView.swift; sourceTree = "<group>"; };
		18FB88FD2CE4A28800632A18 /* UserView.swift */ = {isa = PBXFileReference; lastKnownFileType = sourcecode.swift; path = UserView.swift; sourceTree = "<group>"; };
/* End PBXFileReference section */

/* Begin PBXFrameworksBuildPhase section */
		18D3AECB2CE40AFB00B9A4C7 /* Frameworks */ = {
			isa = PBXFrameworksBuildPhase;
			buildActionMask = 2147483647;
			files = (
			);
			runOnlyForDeploymentPostprocessing = 0;
		};
/* End PBXFrameworksBuildPhase section */

/* Begin PBXGroup section */
		18BDCBC22CE4B9330070A11C /* Details */ = {
			isa = PBXGroup;
			children = (
				18BDCBC02CE4B92B0070A11C /* WorkDetailView.swift */,
			);
			path = Details;
			sourceTree = "<group>";
		};
		18BDCBC32CE4B9550070A11C /* Elements */ = {
			isa = PBXGroup;
			children = (
				18BDCBBE2CE4AFAC0070A11C /* WorkCard.swift */,
			);
			path = Elements;
			sourceTree = "<group>";
		};
		18BFF21E2CEF0D610039719D /* fonts */ = {
			isa = PBXGroup;
			children = (
				18BFF2272CEF13BD0039719D /* OldStandardTT-Bold.ttf */,
				18BFF2212CEF0D770039719D /* OldStandardTT-Italic.ttf */,
				18BFF2222CEF0D7A0039719D /* OldStandardTT-Regular.ttf */,
			);
			path = fonts;
			sourceTree = "<group>";
		};
		18D3AEC52CE40AFB00B9A4C7 = {
			isa = PBXGroup;
			children = (
				18D3AED02CE40AFB00B9A4C7 /* virtual-art-unsa */,
				18D3AECF2CE40AFB00B9A4C7 /* Products */,
			);
			sourceTree = "<group>";
		};
		18D3AECF2CE40AFB00B9A4C7 /* Products */ = {
			isa = PBXGroup;
			children = (
				18D3AECE2CE40AFB00B9A4C7 /* virtual-art-unsa.app */,
			);
			name = Products;
			sourceTree = "<group>";
		};
		18D3AED02CE40AFB00B9A4C7 /* virtual-art-unsa */ = {
			isa = PBXGroup;
			children = (
				18BFF2232CEF0E190039719D /* Info.plist */,
				18BFF21E2CEF0D610039719D /* fonts */,
				18FB88E92CE4814F00632A18 /* API */,
				18FB88E82CE4814500632A18 /* Model */,
				18FB88E62CE480BC00632A18 /* ModelView */,
				18FB88E32CE47E1C00632A18 /* View */,
				18D3AED12CE40AFB00B9A4C7 /* virtual_art_unsaApp.swift */,
				18D3AED52CE40AFC00B9A4C7 /* Assets.xcassets */,
				18D3AED72CE40AFC00B9A4C7 /* Preview Content */,
			);
			path = "virtual-art-unsa";
			sourceTree = "<group>";
		};
		18D3AED72CE40AFC00B9A4C7 /* Preview Content */ = {
			isa = PBXGroup;
			children = (
				18D3AED82CE40AFC00B9A4C7 /* Preview Assets.xcassets */,
			);
			path = "Preview Content";
			sourceTree = "<group>";
		};
		18FB88E32CE47E1C00632A18 /* View */ = {
			isa = PBXGroup;
			children = (
				18BDCBC32CE4B9550070A11C /* Elements */,
				18BDCBC22CE4B9330070A11C /* Details */,
				18FB88FA2CE4A20A00632A18 /* Menu */,
				18FB88E42CE47FD600632A18 /* LoginView.swift */,
				18FB88E12CE47E0700632A18 /* SplashView.swift */,
				18D3AED32CE40AFB00B9A4C7 /* ContentView.swift */,
				18FB88F22CE49AB900632A18 /* RegisterView.swift */,
			);
			path = View;
			sourceTree = "<group>";
		};
		18FB88E62CE480BC00632A18 /* ModelView */ = {
			isa = PBXGroup;
			children = (
				18FB88F02CE4856000632A18 /* LoginViewModel.swift */,
				18BDCBBB2CE4AC3F0070A11C /* PinturasViewModel.swift */,
			);
			path = ModelView;
			sourceTree = "<group>";
		};
		18FB88E82CE4814500632A18 /* Model */ = {
			isa = PBXGroup;
			children = (
				18FB88EC2CE4825F00632A18 /* AppModel.swift */,
				18FB88EE2CE4827500632A18 /* UserModel.swift */,
				18BDCBB92CE4ABB10070A11C /* HttpModel.swift */,
			);
			path = Model;
			sourceTree = "<group>";
		};
		18FB88E92CE4814F00632A18 /* API */ = {
			isa = PBXGroup;
			children = (
				18FB88EA2CE4816F00632A18 /* APIService.swift */,
			);
			path = API;
			sourceTree = "<group>";
		};
		18FB88FA2CE4A20A00632A18 /* Menu */ = {
			isa = PBXGroup;
			children = (
				18FB88F82CE49E6000632A18 /* MapView.swift */,
				18FB88F62CE49E4000632A18 /* PinturasView.swift */,
				18FB88F42CE49E1200632A18 /* HomeView.swift */,
				18FB88FB2CE4A25900632A18 /* ExposicionesView.swift */,
				18FB88FD2CE4A28800632A18 /* UserView.swift */,
			);
			path = Menu;
			sourceTree = "<group>";
		};
/* End PBXGroup section */

/* Begin PBXNativeTarget section */
		18D3AECD2CE40AFB00B9A4C7 /* virtual-art-unsa */ = {
			isa = PBXNativeTarget;
			buildConfigurationList = 18D3AEDC2CE40AFC00B9A4C7 /* Build configuration list for PBXNativeTarget "virtual-art-unsa" */;
			buildPhases = (
				18D3AECA2CE40AFB00B9A4C7 /* Sources */,
				18D3AECB2CE40AFB00B9A4C7 /* Frameworks */,
				18D3AECC2CE40AFB00B9A4C7 /* Resources */,
			);
			buildRules = (
			);
			dependencies = (
			);
			name = "virtual-art-unsa";
			productName = "virtual-art-unsa";
			productReference = 18D3AECE2CE40AFB00B9A4C7 /* virtual-art-unsa.app */;
			productType = "com.apple.product-type.application";
		};
/* End PBXNativeTarget section */

/* Begin PBXProject section */
		18D3AEC62CE40AFB00B9A4C7 /* Project object */ = {
			isa = PBXProject;
			attributes = {
				BuildIndependentTargetsInParallel = 1;
				LastSwiftUpdateCheck = 1500;
				LastUpgradeCheck = 1500;
				TargetAttributes = {
					18D3AECD2CE40AFB00B9A4C7 = {
						CreatedOnToolsVersion = 15.0;
					};
				};
			};
			buildConfigurationList = 18D3AEC92CE40AFB00B9A4C7 /* Build configuration list for PBXProject "virtual-art-unsa" */;
			compatibilityVersion = "Xcode 14.0";
			developmentRegion = en;
			hasScannedForEncodings = 0;
			knownRegions = (
				en,
				Base,
			);
			mainGroup = 18D3AEC52CE40AFB00B9A4C7;
			productRefGroup = 18D3AECF2CE40AFB00B9A4C7 /* Products */;
			projectDirPath = "";
			projectRoot = "";
			targets = (
				18D3AECD2CE40AFB00B9A4C7 /* virtual-art-unsa */,
			);
		};
/* End PBXProject section */

/* Begin PBXResourcesBuildPhase section */
		18D3AECC2CE40AFB00B9A4C7 /* Resources */ = {
			isa = PBXResourcesBuildPhase;
			buildActionMask = 2147483647;
			files = (
				18BFF2282CEF13BD0039719D /* OldStandardTT-Bold.ttf in Resources */,
				18BFF2252CEF12550039719D /* OldStandardTT-Regular.ttf in Resources */,
				18BFF2242CEF124D0039719D /* OldStandardTT-Italic.ttf in Resources */,
				18D3AED92CE40AFC00B9A4C7 /* Preview Assets.xcassets in Resources */,
				18D3AED62CE40AFC00B9A4C7 /* Assets.xcassets in Resources */,
			);
			runOnlyForDeploymentPostprocessing = 0;
		};
/* End PBXResourcesBuildPhase section */

/* Begin PBXSourcesBuildPhase section */
		18D3AECA2CE40AFB00B9A4C7 /* Sources */ = {
			isa = PBXSourcesBuildPhase;
			buildActionMask = 2147483647;
			files = (
				18BDCBBF2CE4AFAC0070A11C /* WorkCard.swift in Sources */,
				18FB88F32CE49AB900632A18 /* RegisterView.swift in Sources */,
				18FB88F92CE49E6000632A18 /* MapView.swift in Sources */,
				18D3AED42CE40AFB00B9A4C7 /* ContentView.swift in Sources */,
				18FB88F72CE49E4000632A18 /* PinturasView.swift in Sources */,
				18BDCBBC2CE4AC3F0070A11C /* PinturasViewModel.swift in Sources */,
				18FB88EB2CE4816F00632A18 /* APIService.swift in Sources */,
				18FB88F52CE49E1200632A18 /* HomeView.swift in Sources */,
				18FB88E52CE47FD600632A18 /* LoginView.swift in Sources */,
				18FB88ED2CE4825F00632A18 /* AppModel.swift in Sources */,
				18BDCBC12CE4B92B0070A11C /* WorkDetailView.swift in Sources */,
				18D3AED22CE40AFB00B9A4C7 /* virtual_art_unsaApp.swift in Sources */,
				18FB88EF2CE4827500632A18 /* UserModel.swift in Sources */,
				18FB88F12CE4856000632A18 /* LoginViewModel.swift in Sources */,
				18FB88E22CE47E0700632A18 /* SplashView.swift in Sources */,
				18BDCBBA2CE4ABB10070A11C /* HttpModel.swift in Sources */,
				18FB88FC2CE4A25900632A18 /* ExposicionesView.swift in Sources */,
				18FB88FE2CE4A28800632A18 /* UserView.swift in Sources */,
			);
			runOnlyForDeploymentPostprocessing = 0;
		};
/* End PBXSourcesBuildPhase section */

/* Begin XCBuildConfiguration section */
		18D3AEDA2CE40AFC00B9A4C7 /* Debug */ = {
			isa = XCBuildConfiguration;
			buildSettings = {
				ALWAYS_SEARCH_USER_PATHS = NO;
				ASSETCATALOG_COMPILER_GENERATE_SWIFT_ASSET_SYMBOL_EXTENSIONS = YES;
				CLANG_ANALYZER_NONNULL = YES;
				CLANG_ANALYZER_NUMBER_OBJECT_CONVERSION = YES_AGGRESSIVE;
				CLANG_CXX_LANGUAGE_STANDARD = "gnu++20";
				CLANG_ENABLE_MODULES = YES;
				CLANG_ENABLE_OBJC_ARC = YES;
				CLANG_ENABLE_OBJC_WEAK = YES;
				CLANG_WARN_BLOCK_CAPTURE_AUTORELEASING = YES;
				CLANG_WARN_BOOL_CONVERSION = YES;
				CLANG_WARN_COMMA = YES;
				CLANG_WARN_CONSTANT_CONVERSION = YES;
				CLANG_WARN_DEPRECATED_OBJC_IMPLEMENTATIONS = YES;
				CLANG_WARN_DIRECT_OBJC_ISA_USAGE = YES_ERROR;
				CLANG_WARN_DOCUMENTATION_COMMENTS = YES;
				CLANG_WARN_EMPTY_BODY = YES;
				CLANG_WARN_ENUM_CONVERSION = YES;
				CLANG_WARN_INFINITE_RECURSION = YES;
				CLANG_WARN_INT_CONVERSION = YES;
				CLANG_WARN_NON_LITERAL_NULL_CONVERSION = YES;
				CLANG_WARN_OBJC_IMPLICIT_RETAIN_SELF = YES;
				CLANG_WARN_OBJC_LITERAL_CONVERSION = YES;
				CLANG_WARN_OBJC_ROOT_CLASS = YES_ERROR;
				CLANG_WARN_QUOTED_INCLUDE_IN_FRAMEWORK_HEADER = YES;
				CLANG_WARN_RANGE_LOOP_ANALYSIS = YES;
				CLANG_WARN_STRICT_PROTOTYPES = YES;
				CLANG_WARN_SUSPICIOUS_MOVE = YES;
				CLANG_WARN_UNGUARDED_AVAILABILITY = YES_AGGRESSIVE;
				CLANG_WARN_UNREACHABLE_CODE = YES;
				CLANG_WARN__DUPLICATE_METHOD_MATCH = YES;
				COPY_PHASE_STRIP = NO;
				DEBUG_INFORMATION_FORMAT = dwarf;
				ENABLE_STRICT_OBJC_MSGSEND = YES;
				ENABLE_TESTABILITY = YES;
				ENABLE_USER_SCRIPT_SANDBOXING = YES;
				GCC_C_LANGUAGE_STANDARD = gnu17;
				GCC_DYNAMIC_NO_PIC = NO;
				GCC_NO_COMMON_BLOCKS = YES;
				GCC_OPTIMIZATION_LEVEL = 0;
				GCC_PREPROCESSOR_DEFINITIONS = (
					"DEBUG=1",
					"$(inherited)",
				);
				GCC_WARN_64_TO_32_BIT_CONVERSION = YES;
				GCC_WARN_ABOUT_RETURN_TYPE = YES_ERROR;
				GCC_WARN_UNDECLARED_SELECTOR = YES;
				GCC_WARN_UNINITIALIZED_AUTOS = YES_AGGRESSIVE;
				GCC_WARN_UNUSED_FUNCTION = YES;
				GCC_WARN_UNUSED_VARIABLE = YES;
				IPHONEOS_DEPLOYMENT_TARGET = 17.0;
				LOCALIZATION_PREFERS_STRING_CATALOGS = YES;
				MTL_ENABLE_DEBUG_INFO = INCLUDE_SOURCE;
				MTL_FAST_MATH = YES;
				ONLY_ACTIVE_ARCH = YES;
				SDKROOT = iphoneos;
				SWIFT_ACTIVE_COMPILATION_CONDITIONS = "DEBUG $(inherited)";
				SWIFT_OPTIMIZATION_LEVEL = "-Onone";
			};
			name = Debug;
		};
		18D3AEDB2CE40AFC00B9A4C7 /* Release */ = {
			isa = XCBuildConfiguration;
			buildSettings = {
				ALWAYS_SEARCH_USER_PATHS = NO;
				ASSETCATALOG_COMPILER_GENERATE_SWIFT_ASSET_SYMBOL_EXTENSIONS = YES;
				CLANG_ANALYZER_NONNULL = YES;
				CLANG_ANALYZER_NUMBER_OBJECT_CONVERSION = YES_AGGRESSIVE;
				CLANG_CXX_LANGUAGE_STANDARD = "gnu++20";
				CLANG_ENABLE_MODULES = YES;
				CLANG_ENABLE_OBJC_ARC = YES;
				CLANG_ENABLE_OBJC_WEAK = YES;
				CLANG_WARN_BLOCK_CAPTURE_AUTORELEASING = YES;
				CLANG_WARN_BOOL_CONVERSION = YES;
				CLANG_WARN_COMMA = YES;
				CLANG_WARN_CONSTANT_CONVERSION = YES;
				CLANG_WARN_DEPRECATED_OBJC_IMPLEMENTATIONS = YES;
				CLANG_WARN_DIRECT_OBJC_ISA_USAGE = YES_ERROR;
				CLANG_WARN_DOCUMENTATION_COMMENTS = YES;
				CLANG_WARN_EMPTY_BODY = YES;
				CLANG_WARN_ENUM_CONVERSION = YES;
				CLANG_WARN_INFINITE_RECURSION = YES;
				CLANG_WARN_INT_CONVERSION = YES;
				CLANG_WARN_NON_LITERAL_NULL_CONVERSION = YES;
				CLANG_WARN_OBJC_IMPLICIT_RETAIN_SELF = YES;
				CLANG_WARN_OBJC_LITERAL_CONVERSION = YES;
				CLANG_WARN_OBJC_ROOT_CLASS = YES_ERROR;
				CLANG_WARN_QUOTED_INCLUDE_IN_FRAMEWORK_HEADER = YES;
				CLANG_WARN_RANGE_LOOP_ANALYSIS = YES;
				CLANG_WARN_STRICT_PROTOTYPES = YES;
				CLANG_WARN_SUSPICIOUS_MOVE = YES;
				CLANG_WARN_UNGUARDED_AVAILABILITY = YES_AGGRESSIVE;
				CLANG_WARN_UNREACHABLE_CODE = YES;
				CLANG_WARN__DUPLICATE_METHOD_MATCH = YES;
				COPY_PHASE_STRIP = NO;
				DEBUG_INFORMATION_FORMAT = "dwarf-with-dsym";
				ENABLE_NS_ASSERTIONS = NO;
				ENABLE_STRICT_OBJC_MSGSEND = YES;
				ENABLE_USER_SCRIPT_SANDBOXING = YES;
				GCC_C_LANGUAGE_STANDARD = gnu17;
				GCC_NO_COMMON_BLOCKS = YES;
				GCC_WARN_64_TO_32_BIT_CONVERSION = YES;
				GCC_WARN_ABOUT_RETURN_TYPE = YES_ERROR;
				GCC_WARN_UNDECLARED_SELECTOR = YES;
				GCC_WARN_UNINITIALIZED_AUTOS = YES_AGGRESSIVE;
				GCC_WARN_UNUSED_FUNCTION = YES;
				GCC_WARN_UNUSED_VARIABLE = YES;
				IPHONEOS_DEPLOYMENT_TARGET = 17.0;
				LOCALIZATION_PREFERS_STRING_CATALOGS = YES;
				MTL_ENABLE_DEBUG_INFO = NO;
				MTL_FAST_MATH = YES;
				SDKROOT = iphoneos;
				SWIFT_COMPILATION_MODE = wholemodule;
				VALIDATE_PRODUCT = YES;
			};
			name = Release;
		};
		18D3AEDD2CE40AFC00B9A4C7 /* Debug */ = {
			isa = XCBuildConfiguration;
			buildSettings = {
				ASSETCATALOG_COMPILER_APPICON_NAME = AppIcon;
				ASSETCATALOG_COMPILER_GLOBAL_ACCENT_COLOR_NAME = AccentColor;
				CODE_SIGN_STYLE = Automatic;
				CURRENT_PROJECT_VERSION = 1;
				DEVELOPMENT_ASSET_PATHS = "\"virtual-art-unsa/Preview Content\"";
				ENABLE_PREVIEWS = YES;
				GENERATE_INFOPLIST_FILE = YES;
				INFOPLIST_FILE = "virtual-art-unsa/Info.plist";
				INFOPLIST_KEY_UIApplicationSceneManifest_Generation = YES;
				INFOPLIST_KEY_UIApplicationSupportsIndirectInputEvents = YES;
				INFOPLIST_KEY_UILaunchScreen_Generation = YES;
				INFOPLIST_KEY_UISupportedInterfaceOrientations_iPad = "UIInterfaceOrientationPortrait UIInterfaceOrientationPortraitUpsideDown UIInterfaceOrientationLandscapeLeft UIInterfaceOrientationLandscapeRight";
				INFOPLIST_KEY_UISupportedInterfaceOrientations_iPhone = "UIInterfaceOrientationPortrait UIInterfaceOrientationLandscapeLeft UIInterfaceOrientationLandscapeRight";
				IPHONEOS_DEPLOYMENT_TARGET = 15.0;
				LD_RUNPATH_SEARCH_PATHS = (
					"$(inherited)",
					"@executable_path/Frameworks",
				);
				MARKETING_VERSION = 1.0;
				PRODUCT_BUNDLE_IDENTIFIER = "com.epis.virtual-art-unsa";
				PRODUCT_NAME = "$(TARGET_NAME)";
				SWIFT_EMIT_LOC_STRINGS = YES;
				SWIFT_VERSION = 5.0;
				TARGETED_DEVICE_FAMILY = "1,2";
			};
			name = Debug;
		};
		18D3AEDE2CE40AFC00B9A4C7 /* Release */ = {
			isa = XCBuildConfiguration;
			buildSettings = {
				ASSETCATALOG_COMPILER_APPICON_NAME = AppIcon;
				ASSETCATALOG_COMPILER_GLOBAL_ACCENT_COLOR_NAME = AccentColor;
				CODE_SIGN_STYLE = Automatic;
				CURRENT_PROJECT_VERSION = 1;
				DEVELOPMENT_ASSET_PATHS = "\"virtual-art-unsa/Preview Content\"";
				ENABLE_PREVIEWS = YES;
				GENERATE_INFOPLIST_FILE = YES;
				INFOPLIST_FILE = "virtual-art-unsa/Info.plist";
				INFOPLIST_KEY_UIApplicationSceneManifest_Generation = YES;
				INFOPLIST_KEY_UIApplicationSupportsIndirectInputEvents = YES;
				INFOPLIST_KEY_UILaunchScreen_Generation = YES;
				INFOPLIST_KEY_UISupportedInterfaceOrientations_iPad = "UIInterfaceOrientationPortrait UIInterfaceOrientationPortraitUpsideDown UIInterfaceOrientationLandscapeLeft UIInterfaceOrientationLandscapeRight";
				INFOPLIST_KEY_UISupportedInterfaceOrientations_iPhone = "UIInterfaceOrientationPortrait UIInterfaceOrientationLandscapeLeft UIInterfaceOrientationLandscapeRight";
				IPHONEOS_DEPLOYMENT_TARGET = 15.0;
				LD_RUNPATH_SEARCH_PATHS = (
					"$(inherited)",
					"@executable_path/Frameworks",
				);
				MARKETING_VERSION = 1.0;
				PRODUCT_BUNDLE_IDENTIFIER = "com.epis.virtual-art-unsa";
				PRODUCT_NAME = "$(TARGET_NAME)";
				SWIFT_EMIT_LOC_STRINGS = YES;
				SWIFT_VERSION = 5.0;
				TARGETED_DEVICE_FAMILY = "1,2";
			};
			name = Release;
		};
/* End XCBuildConfiguration section */

/* Begin XCConfigurationList section */
		18D3AEC92CE40AFB00B9A4C7 /* Build configuration list for PBXProject "virtual-art-unsa" */ = {
			isa = XCConfigurationList;
			buildConfigurations = (
				18D3AEDA2CE40AFC00B9A4C7 /* Debug */,
				18D3AEDB2CE40AFC00B9A4C7 /* Release */,
			);
			defaultConfigurationIsVisible = 0;
			defaultConfigurationName = Release;
		};
		18D3AEDC2CE40AFC00B9A4C7 /* Build configuration list for PBXNativeTarget "virtual-art-unsa" */ = {
			isa = XCConfigurationList;
			buildConfigurations = (
				18D3AEDD2CE40AFC00B9A4C7 /* Debug */,
				18D3AEDE2CE40AFC00B9A4C7 /* Release */,
			);
			defaultConfigurationIsVisible = 0;
			defaultConfigurationName = Release;
		};
/* End XCConfigurationList section */
	};
	rootObject = 18D3AEC62CE40AFB00B9A4C7 /* Project object */;
}
